// !$*UTF8*$!
{
	archiveVersion = 1;
	classes = {
	};
	objectVersion = 50;
	objects = {

/* Begin PBXBuildFile section */
		07A26444F51252C78238A305 /* Pods_CollegeRevenue.framework in Frameworks */ = {isa = PBXBuildFile; fileRef = 450A97BF70B0B576216EF93C /* Pods_CollegeRevenue.framework */; };
		D305786E2107A12400AFBA0E /* HomeScreenViewController.swift in Sources */ = {isa = PBXBuildFile; fileRef = D305786D2107A12400AFBA0E /* HomeScreenViewController.swift */; };
		D30578702107BDE700AFBA0E /* Sat.swift in Sources */ = {isa = PBXBuildFile; fileRef = D305786F2107BDE700AFBA0E /* Sat.swift */; };
		D30578722107BDF200AFBA0E /* Act.swift in Sources */ = {isa = PBXBuildFile; fileRef = D30578712107BDF200AFBA0E /* Act.swift */; };
		D3718AF3211164AB007D06AB /* college_data_main.csv in Resources */ = {isa = PBXBuildFile; fileRef = D3718AF2211164AB007D06AB /* college_data_main.csv */; };
		D3724C7621066E86000E9367 /* AppDelegate.swift in Sources */ = {isa = PBXBuildFile; fileRef = D3724C7521066E86000E9367 /* AppDelegate.swift */; };
		D3724C7821066E86000E9367 /* ViewController.swift in Sources */ = {isa = PBXBuildFile; fileRef = D3724C7721066E86000E9367 /* ViewController.swift */; };
		D3724C7B21066E86000E9367 /* Main.storyboard in Resources */ = {isa = PBXBuildFile; fileRef = D3724C7921066E86000E9367 /* Main.storyboard */; };
		D3724C7E21066E86000E9367 /* CollegeRevenue.xcdatamodeld in Sources */ = {isa = PBXBuildFile; fileRef = D3724C7C21066E86000E9367 /* CollegeRevenue.xcdatamodeld */; };
		D3724C8021066E88000E9367 /* Assets.xcassets in Resources */ = {isa = PBXBuildFile; fileRef = D3724C7F21066E88000E9367 /* Assets.xcassets */; };
		D3724C8321066E88000E9367 /* LaunchScreen.storyboard in Resources */ = {isa = PBXBuildFile; fileRef = D3724C8121066E88000E9367 /* LaunchScreen.storyboard */; };
		D3724C8B2106747F000E9367 /* GoogleService-Info.plist in Resources */ = {isa = PBXBuildFile; fileRef = D3724C8A2106747E000E9367 /* GoogleService-Info.plist */; };
		D381D35C21128B5F0027781A /* SearchCollege.swift in Sources */ = {isa = PBXBuildFile; fileRef = D381D35B21128B5F0027781A /* SearchCollege.swift */; };
		D3AA44F1211374B500190AF0 /* PickState.swift in Sources */ = {isa = PBXBuildFile; fileRef = D3AA44F0211374B500190AF0 /* PickState.swift */; };
		D3CC54752110CBCB00D0AE8B /* WayOfSearching.swift in Sources */ = {isa = PBXBuildFile; fileRef = D3CC54742110CBCB00D0AE8B /* WayOfSearching.swift */; };
		D3CC547B2110D07200D0AE8B /* StateSelectionViewController.swift in Sources */ = {isa = PBXBuildFile; fileRef = D3CC547A2110D07200D0AE8B /* StateSelectionViewController.swift */; };
		D3CDC539210A7ED400AA8054 /* client_id.json in Resources */ = {isa = PBXBuildFile; fileRef = D3CDC538210A7ED300AA8054 /* client_id.json */; };
		D3D458A0210B77DA00B2AB17 /* DisplayColleges.swift in Sources */ = {isa = PBXBuildFile; fileRef = D3D4589F210B77DA00B2AB17 /* DisplayColleges.swift */; };
		D3F20174210FD681001A1083 /* CollegeInformation.swift in Sources */ = {isa = PBXBuildFile; fileRef = D3F20173210FD681001A1083 /* CollegeInformation.swift */; };
/* End PBXBuildFile section */

/* Begin PBXFileReference section */
		450A97BF70B0B576216EF93C /* Pods_CollegeRevenue.framework */ = {isa = PBXFileReference; explicitFileType = wrapper.framework; includeInIndex = 0; path = Pods_CollegeRevenue.framework; sourceTree = BUILT_PRODUCTS_DIR; };
		65C3F38D776306826626C88E /* Pods-CollegeRevenue.debug.xcconfig */ = {isa = PBXFileReference; includeInIndex = 1; lastKnownFileType = text.xcconfig; name = "Pods-CollegeRevenue.debug.xcconfig"; path = "Pods/Target Support Files/Pods-CollegeRevenue/Pods-CollegeRevenue.debug.xcconfig"; sourceTree = "<group>"; };
		6D285987DADAB2085C67116E /* Pods-CollegeRevenue.release.xcconfig */ = {isa = PBXFileReference; includeInIndex = 1; lastKnownFileType = text.xcconfig; name = "Pods-CollegeRevenue.release.xcconfig"; path = "Pods/Target Support Files/Pods-CollegeRevenue/Pods-CollegeRevenue.release.xcconfig"; sourceTree = "<group>"; };
		D305786D2107A12400AFBA0E /* HomeScreenViewController.swift */ = {isa = PBXFileReference; lastKnownFileType = sourcecode.swift; path = HomeScreenViewController.swift; sourceTree = "<group>"; };
		D305786F2107BDE700AFBA0E /* Sat.swift */ = {isa = PBXFileReference; lastKnownFileType = sourcecode.swift; path = Sat.swift; sourceTree = "<group>"; };
		D30578712107BDF200AFBA0E /* Act.swift */ = {isa = PBXFileReference; lastKnownFileType = sourcecode.swift; path = Act.swift; sourceTree = "<group>"; };
		D3718AF2211164AB007D06AB /* college_data_main.csv */ = {isa = PBXFileReference; fileEncoding = 4; lastKnownFileType = text; path = college_data_main.csv; sourceTree = "<group>"; };
		D3724C7221066E86000E9367 /* CollegeRevenue.app */ = {isa = PBXFileReference; explicitFileType = wrapper.application; includeInIndex = 0; path = CollegeRevenue.app; sourceTree = BUILT_PRODUCTS_DIR; };
		D3724C7521066E86000E9367 /* AppDelegate.swift */ = {isa = PBXFileReference; lastKnownFileType = sourcecode.swift; path = AppDelegate.swift; sourceTree = "<group>"; };
		D3724C7721066E86000E9367 /* ViewController.swift */ = {isa = PBXFileReference; lastKnownFileType = sourcecode.swift; path = ViewController.swift; sourceTree = "<group>"; };
		D3724C7A21066E86000E9367 /* Base */ = {isa = PBXFileReference; lastKnownFileType = file.storyboard; name = Base; path = Base.lproj/Main.storyboard; sourceTree = "<group>"; };
		D3724C7D21066E86000E9367 /* CollegeRevenue.xcdatamodel */ = {isa = PBXFileReference; lastKnownFileType = wrapper.xcdatamodel; path = CollegeRevenue.xcdatamodel; sourceTree = "<group>"; };
		D3724C7F21066E88000E9367 /* Assets.xcassets */ = {isa = PBXFileReference; lastKnownFileType = folder.assetcatalog; path = Assets.xcassets; sourceTree = "<group>"; };
		D3724C8221066E88000E9367 /* Base */ = {isa = PBXFileReference; lastKnownFileType = file.storyboard; name = Base; path = Base.lproj/LaunchScreen.storyboard; sourceTree = "<group>"; };
		D3724C8421066E88000E9367 /* Info.plist */ = {isa = PBXFileReference; lastKnownFileType = text.plist.xml; path = Info.plist; sourceTree = "<group>"; };
		D3724C8A2106747E000E9367 /* GoogleService-Info.plist */ = {isa = PBXFileReference; fileEncoding = 4; lastKnownFileType = text.plist.xml; path = "GoogleService-Info.plist"; sourceTree = "<group>"; };
		D381D35B21128B5F0027781A /* SearchCollege.swift */ = {isa = PBXFileReference; lastKnownFileType = sourcecode.swift; path = SearchCollege.swift; sourceTree = "<group>"; };
		D3AA44F0211374B500190AF0 /* PickState.swift */ = {isa = PBXFileReference; lastKnownFileType = sourcecode.swift; path = PickState.swift; sourceTree = "<group>"; };
		D3CC54742110CBCB00D0AE8B /* WayOfSearching.swift */ = {isa = PBXFileReference; lastKnownFileType = sourcecode.swift; path = WayOfSearching.swift; sourceTree = "<group>"; };
		D3CC547A2110D07200D0AE8B /* StateSelectionViewController.swift */ = {isa = PBXFileReference; lastKnownFileType = sourcecode.swift; path = StateSelectionViewController.swift; sourceTree = "<group>"; };
		D3CDC538210A7ED300AA8054 /* client_id.json */ = {isa = PBXFileReference; fileEncoding = 4; lastKnownFileType = text.json; path = client_id.json; sourceTree = "<group>"; };
		D3D4589F210B77DA00B2AB17 /* DisplayColleges.swift */ = {isa = PBXFileReference; lastKnownFileType = sourcecode.swift; path = DisplayColleges.swift; sourceTree = "<group>"; };
		D3F20173210FD681001A1083 /* CollegeInformation.swift */ = {isa = PBXFileReference; lastKnownFileType = sourcecode.swift; path = CollegeInformation.swift; sourceTree = "<group>"; };
/* End PBXFileReference section */

/* Begin PBXFrameworksBuildPhase section */
		D3724C6F21066E86000E9367 /* Frameworks */ = {
			isa = PBXFrameworksBuildPhase;
			buildActionMask = 2147483647;
			files = (
				07A26444F51252C78238A305 /* Pods_CollegeRevenue.framework in Frameworks */,
			);
			runOnlyForDeploymentPostprocessing = 0;
		};
/* End PBXFrameworksBuildPhase section */

/* Begin PBXGroup section */
		1607B7B0991D83DECB41C349 /* Pods */ = {
			isa = PBXGroup;
			children = (
				65C3F38D776306826626C88E /* Pods-CollegeRevenue.debug.xcconfig */,
				6D285987DADAB2085C67116E /* Pods-CollegeRevenue.release.xcconfig */,
			);
			name = Pods;
			sourceTree = "<group>";
		};
		D06644BA53BEBC9EB0E6B091 /* Frameworks */ = {
			isa = PBXGroup;
			children = (
				450A97BF70B0B576216EF93C /* Pods_CollegeRevenue.framework */,
			);
			name = Frameworks;
			sourceTree = "<group>";
		};
		D3724C6921066E86000E9367 = {
			isa = PBXGroup;
			children = (
				D3CDC538210A7ED300AA8054 /* client_id.json */,
				D3724C8A2106747E000E9367 /* GoogleService-Info.plist */,
				D3724C7421066E86000E9367 /* CollegeRevenue */,
				D3724C7321066E86000E9367 /* Products */,
				1607B7B0991D83DECB41C349 /* Pods */,
				D06644BA53BEBC9EB0E6B091 /* Frameworks */,
			);
			sourceTree = "<group>";
		};
		D3724C7321066E86000E9367 /* Products */ = {
			isa = PBXGroup;
			children = (
				D3724C7221066E86000E9367 /* CollegeRevenue.app */,
			);
			name = Products;
			sourceTree = "<group>";
		};
		D3724C7421066E86000E9367 /* CollegeRevenue */ = {
			isa = PBXGroup;
			children = (
				D3AA44F0211374B500190AF0 /* PickState.swift */,
				D3CC547A2110D07200D0AE8B /* StateSelectionViewController.swift */,
				D3724C7521066E86000E9367 /* AppDelegate.swift */,
				D3D4589F210B77DA00B2AB17 /* DisplayColleges.swift */,
				D3724C7721066E86000E9367 /* ViewController.swift */,
				D3724C7921066E86000E9367 /* Main.storyboard */,
				D381D35B21128B5F0027781A /* SearchCollege.swift */,
				D3CC54742110CBCB00D0AE8B /* WayOfSearching.swift */,
				D3F20173210FD681001A1083 /* CollegeInformation.swift */,
				D305786F2107BDE700AFBA0E /* Sat.swift */,
				D30578712107BDF200AFBA0E /* Act.swift */,
				D3718AF2211164AB007D06AB /* college_data_main.csv */,
				D305786D2107A12400AFBA0E /* HomeScreenViewController.swift */,
				D3724C7F21066E88000E9367 /* Assets.xcassets */,
				D3724C8121066E88000E9367 /* LaunchScreen.storyboard */,
				D3724C8421066E88000E9367 /* Info.plist */,
				D3724C7C21066E86000E9367 /* CollegeRevenue.xcdatamodeld */,
			);
			path = CollegeRevenue;
			sourceTree = "<group>";
		};
/* End PBXGroup section */

/* Begin PBXNativeTarget section */
		D3724C7121066E86000E9367 /* CollegeRevenue */ = {
			isa = PBXNativeTarget;
			buildConfigurationList = D3724C8721066E88000E9367 /* Build configuration list for PBXNativeTarget "CollegeRevenue" */;
			buildPhases = (
				1016DDFCD468F9F23690F048 /* [CP] Check Pods Manifest.lock */,
				D3724C6E21066E86000E9367 /* Sources */,
				D3724C6F21066E86000E9367 /* Frameworks */,
				D3724C7021066E86000E9367 /* Resources */,
				F83CE676414CD532A7470500 /* [CP] Embed Pods Frameworks */,
				E792C9D0B59B4185C1022D9B /* [CP] Copy Pods Resources */,
			);
			buildRules = (
			);
			dependencies = (
			);
			name = CollegeRevenue;
			productName = CollegeRevenue;
			productReference = D3724C7221066E86000E9367 /* CollegeRevenue.app */;
			productType = "com.apple.product-type.application";
		};
/* End PBXNativeTarget section */

/* Begin PBXProject section */
		D3724C6A21066E86000E9367 /* Project object */ = {
			isa = PBXProject;
			attributes = {
				LastSwiftUpdateCheck = 0940;
				LastUpgradeCheck = 0940;
				ORGANIZATIONNAME = Yash;
				TargetAttributes = {
					D3724C7121066E86000E9367 = {
						CreatedOnToolsVersion = 9.4.1;
					};
				};
			};
			buildConfigurationList = D3724C6D21066E86000E9367 /* Build configuration list for PBXProject "CollegeRevenue" */;
			compatibilityVersion = "Xcode 9.3";
			developmentRegion = en;
			hasScannedForEncodings = 0;
			knownRegions = (
				en,
				Base,
			);
			mainGroup = D3724C6921066E86000E9367;
			productRefGroup = D3724C7321066E86000E9367 /* Products */;
			projectDirPath = "";
			projectRoot = "";
			targets = (
				D3724C7121066E86000E9367 /* CollegeRevenue */,
			);
		};
/* End PBXProject section */

/* Begin PBXResourcesBuildPhase section */
		D3724C7021066E86000E9367 /* Resources */ = {
			isa = PBXResourcesBuildPhase;
			buildActionMask = 2147483647;
			files = (
				D3724C8321066E88000E9367 /* LaunchScreen.storyboard in Resources */,
				D3718AF3211164AB007D06AB /* college_data_main.csv in Resources */,
				D3724C8021066E88000E9367 /* Assets.xcassets in Resources */,
				D3724C7B21066E86000E9367 /* Main.storyboard in Resources */,
				D3CDC539210A7ED400AA8054 /* client_id.json in Resources */,
				D3724C8B2106747F000E9367 /* GoogleService-Info.plist in Resources */,
			);
			runOnlyForDeploymentPostprocessing = 0;
		};
/* End PBXResourcesBuildPhase section */

/* Begin PBXShellScriptBuildPhase section */
		1016DDFCD468F9F23690F048 /* [CP] Check Pods Manifest.lock */ = {
			isa = PBXShellScriptBuildPhase;
			buildActionMask = 2147483647;
			files = (
			);
			inputPaths = (
				"${PODS_PODFILE_DIR_PATH}/Podfile.lock",
				"${PODS_ROOT}/Manifest.lock",
			);
			name = "[CP] Check Pods Manifest.lock";
			outputPaths = (
				"$(DERIVED_FILE_DIR)/Pods-CollegeRevenue-checkManifestLockResult.txt",
			);
			runOnlyForDeploymentPostprocessing = 0;
			shellPath = /bin/sh;
			shellScript = "diff \"${PODS_PODFILE_DIR_PATH}/Podfile.lock\" \"${PODS_ROOT}/Manifest.lock\" > /dev/null\nif [ $? != 0 ] ; then\n    # print error to STDERR\n    echo \"error: The sandbox is not in sync with the Podfile.lock. Run 'pod install' or update your CocoaPods installation.\" >&2\n    exit 1\nfi\n# This output is used by Xcode 'outputs' to avoid re-running this script phase.\necho \"SUCCESS\" > \"${SCRIPT_OUTPUT_FILE_0}\"\n";
			showEnvVarsInLog = 0;
		};
		E792C9D0B59B4185C1022D9B /* [CP] Copy Pods Resources */ = {
			isa = PBXShellScriptBuildPhase;
			buildActionMask = 2147483647;
			files = (
			);
			inputPaths = (
				"${SRCROOT}/Pods/Target Support Files/Pods-CollegeRevenue/Pods-CollegeRevenue-resources.sh",
				"${PODS_CONFIGURATION_BUILD_DIR}/FirebaseUI/FirebaseAuthUI.bundle",
				"${PODS_ROOT}/GoogleSignIn/Resources/GoogleSignIn.bundle",
			);
			name = "[CP] Copy Pods Resources";
			outputPaths = (
				"${TARGET_BUILD_DIR}/${UNLOCALIZED_RESOURCES_FOLDER_PATH}/FirebaseAuthUI.bundle",
				"${TARGET_BUILD_DIR}/${UNLOCALIZED_RESOURCES_FOLDER_PATH}/GoogleSignIn.bundle",
			);
			runOnlyForDeploymentPostprocessing = 0;
			shellPath = /bin/sh;
			shellScript = "\"${SRCROOT}/Pods/Target Support Files/Pods-CollegeRevenue/Pods-CollegeRevenue-resources.sh\"\n";
			showEnvVarsInLog = 0;
		};
		F83CE676414CD532A7470500 /* [CP] Embed Pods Frameworks */ = {
			isa = PBXShellScriptBuildPhase;
			buildActionMask = 2147483647;
			files = (
			);
			inputPaths = (
				"${SRCROOT}/Pods/Target Support Files/Pods-CollegeRevenue/Pods-CollegeRevenue-frameworks.sh",
				"${BUILT_PRODUCTS_DIR}/GTMOAuth2/GTMOAuth2.framework",
				"${BUILT_PRODUCTS_DIR}/GTMSessionFetcher/GTMSessionFetcher.framework",
				"${BUILT_PRODUCTS_DIR}/GoogleAPIClientForREST/GoogleAPIClientForREST.framework",
				"${BUILT_PRODUCTS_DIR}/GoogleToolboxForMac/GoogleToolboxForMac.framework",
				"${BUILT_PRODUCTS_DIR}/leveldb-library/leveldb.framework",
				"${BUILT_PRODUCTS_DIR}/nanopb/nanopb.framework",
			);
			name = "[CP] Embed Pods Frameworks";
			outputPaths = (
				"${TARGET_BUILD_DIR}/${FRAMEWORKS_FOLDER_PATH}/GTMOAuth2.framework",
				"${TARGET_BUILD_DIR}/${FRAMEWORKS_FOLDER_PATH}/GTMSessionFetcher.framework",
				"${TARGET_BUILD_DIR}/${FRAMEWORKS_FOLDER_PATH}/GoogleAPIClientForREST.framework",
				"${TARGET_BUILD_DIR}/${FRAMEWORKS_FOLDER_PATH}/GoogleToolboxForMac.framework",
				"${TARGET_BUILD_DIR}/${FRAMEWORKS_FOLDER_PATH}/leveldb.framework",
				"${TARGET_BUILD_DIR}/${FRAMEWORKS_FOLDER_PATH}/nanopb.framework",
			);
			runOnlyForDeploymentPostprocessing = 0;
			shellPath = /bin/sh;
			shellScript = "\"${SRCROOT}/Pods/Target Support Files/Pods-CollegeRevenue/Pods-CollegeRevenue-frameworks.sh\"\n";
			showEnvVarsInLog = 0;
		};
/* End PBXShellScriptBuildPhase section */

/* Begin PBXSourcesBuildPhase section */
		D3724C6E21066E86000E9367 /* Sources */ = {
			isa = PBXSourcesBuildPhase;
			buildActionMask = 2147483647;
			files = (
				D30578722107BDF200AFBA0E /* Act.swift in Sources */,
				D3D458A0210B77DA00B2AB17 /* DisplayColleges.swift in Sources */,
				D3AA44F1211374B500190AF0 /* PickState.swift in Sources */,
				D381D35C21128B5F0027781A /* SearchCollege.swift in Sources */,
				D3724C7E21066E86000E9367 /* CollegeRevenue.xcdatamodeld in Sources */,
				D30578702107BDE700AFBA0E /* Sat.swift in Sources */,
				D3F20174210FD681001A1083 /* CollegeInformation.swift in Sources */,
				D305786E2107A12400AFBA0E /* HomeScreenViewController.swift in Sources */,
				D3CC54752110CBCB00D0AE8B /* WayOfSearching.swift in Sources */,
				D3CC547B2110D07200D0AE8B /* StateSelectionViewController.swift in Sources */,
				D3724C7821066E86000E9367 /* ViewController.swift in Sources */,
				D3724C7621066E86000E9367 /* AppDelegate.swift in Sources */,
			);
			runOnlyForDeploymentPostprocessing = 0;
		};
/* End PBXSourcesBuildPhase section */

/* Begin PBXVariantGroup section */
		D3724C7921066E86000E9367 /* Main.storyboard */ = {
			isa = PBXVariantGroup;
			children = (
				D3724C7A21066E86000E9367 /* Base */,
			);
			name = Main.storyboard;
			sourceTree = "<group>";
		};
		D3724C8121066E88000E9367 /* LaunchScreen.storyboard */ = {
			isa = PBXVariantGroup;
			children = (
				D3724C8221066E88000E9367 /* Base */,
			);
			name = LaunchScreen.storyboard;
			sourceTree = "<group>";
		};
/* End PBXVariantGroup section */

/* Begin XCBuildConfiguration section */
		D3724C8521066E88000E9367 /* Debug */ = {
			isa = XCBuildConfiguration;
			buildSettings = {
				ALWAYS_SEARCH_USER_PATHS = NO;
				CLANG_ANALYZER_NONNULL = YES;
				CLANG_ANALYZER_NUMBER_OBJECT_CONVERSION = YES_AGGRESSIVE;
				CLANG_CXX_LANGUAGE_STANDARD = "gnu++14";
				CLANG_CXX_LIBRARY = "libc++";
				CLANG_ENABLE_MODULES = YES;
				CLANG_ENABLE_OBJC_ARC = YES;
				CLANG_ENABLE_OBJC_WEAK = YES;
				CLANG_WARN_BLOCK_CAPTURE_AUTORELEASING = YES;
				CLANG_WARN_BOOL_CONVERSION = YES;
				CLANG_WARN_COMMA = YES;
				CLANG_WARN_CONSTANT_CONVERSION = YES;
				CLANG_WARN_DEPRECATED_OBJC_IMPLEMENTATIONS = YES;
				CLANG_WARN_DIRECT_OBJC_ISA_USAGE = YES_ERROR;
				CLANG_WARN_DOCUMENTATION_COMMENTS = YES;
				CLANG_WARN_EMPTY_BODY = YES;
				CLANG_WARN_ENUM_CONVERSION = YES;
				CLANG_WARN_INFINITE_RECURSION = YES;
				CLANG_WARN_INT_CONVERSION = YES;
				CLANG_WARN_NON_LITERAL_NULL_CONVERSION = YES;
				CLANG_WARN_OBJC_IMPLICIT_RETAIN_SELF = YES;
				CLANG_WARN_OBJC_LITERAL_CONVERSION = YES;
				CLANG_WARN_OBJC_ROOT_CLASS = YES_ERROR;
				CLANG_WARN_RANGE_LOOP_ANALYSIS = YES;
				CLANG_WARN_STRICT_PROTOTYPES = YES;
				CLANG_WARN_SUSPICIOUS_MOVE = YES;
				CLANG_WARN_UNGUARDED_AVAILABILITY = YES_AGGRESSIVE;
				CLANG_WARN_UNREACHABLE_CODE = YES;
				CLANG_WARN__DUPLICATE_METHOD_MATCH = YES;
				CODE_SIGN_IDENTITY = "iPhone Developer";
				COPY_PHASE_STRIP = NO;
				DEBUG_INFORMATION_FORMAT = dwarf;
				ENABLE_STRICT_OBJC_MSGSEND = YES;
				ENABLE_TESTABILITY = YES;
				GCC_C_LANGUAGE_STANDARD = gnu11;
				GCC_DYNAMIC_NO_PIC = NO;
				GCC_NO_COMMON_BLOCKS = YES;
				GCC_OPTIMIZATION_LEVEL = 0;
				GCC_PREPROCESSOR_DEFINITIONS = (
					"DEBUG=1",
					"$(inherited)",
				);
				GCC_WARN_64_TO_32_BIT_CONVERSION = YES;
				GCC_WARN_ABOUT_RETURN_TYPE = YES_ERROR;
				GCC_WARN_UNDECLARED_SELECTOR = YES;
				GCC_WARN_UNINITIALIZED_AUTOS = YES_AGGRESSIVE;
				GCC_WARN_UNUSED_FUNCTION = YES;
				GCC_WARN_UNUSED_VARIABLE = YES;
				IPHONEOS_DEPLOYMENT_TARGET = 11.4;
				MTL_ENABLE_DEBUG_INFO = YES;
				ONLY_ACTIVE_ARCH = YES;
				SDKROOT = iphoneos;
				SWIFT_ACTIVE_COMPILATION_CONDITIONS = DEBUG;
				SWIFT_OPTIMIZATION_LEVEL = "-Onone";
			};
			name = Debug;
		};
		D3724C8621066E88000E9367 /* Release */ = {
			isa = XCBuildConfiguration;
			buildSettings = {
				ALWAYS_SEARCH_USER_PATHS = NO;
				CLANG_ANALYZER_NONNULL = YES;
				CLANG_ANALYZER_NUMBER_OBJECT_CONVERSION = YES_AGGRESSIVE;
				CLANG_CXX_LANGUAGE_STANDARD = "gnu++14";
				CLANG_CXX_LIBRARY = "libc++";
				CLANG_ENABLE_MODULES = YES;
				CLANG_ENABLE_OBJC_ARC = YES;
				CLANG_ENABLE_OBJC_WEAK = YES;
				CLANG_WARN_BLOCK_CAPTURE_AUTORELEASING = YES;
				CLANG_WARN_BOOL_CONVERSION = YES;
				CLANG_WARN_COMMA = YES;
				CLANG_WARN_CONSTANT_CONVERSION = YES;
				CLANG_WARN_DEPRECATED_OBJC_IMPLEMENTATIONS = YES;
				CLANG_WARN_DIRECT_OBJC_ISA_USAGE = YES_ERROR;
				CLANG_WARN_DOCUMENTATION_COMMENTS = YES;
				CLANG_WARN_EMPTY_BODY = YES;
				CLANG_WARN_ENUM_CONVERSION = YES;
				CLANG_WARN_INFINITE_RECURSION = YES;
				CLANG_WARN_INT_CONVERSION = YES;
				CLANG_WARN_NON_LITERAL_NULL_CONVERSION = YES;
				CLANG_WARN_OBJC_IMPLICIT_RETAIN_SELF = YES;
				CLANG_WARN_OBJC_LITERAL_CONVERSION = YES;
				CLANG_WARN_OBJC_ROOT_CLASS = YES_ERROR;
				CLANG_WARN_RANGE_LOOP_ANALYSIS = YES;
				CLANG_WARN_STRICT_PROTOTYPES = YES;
				CLANG_WARN_SUSPICIOUS_MOVE = YES;
				CLANG_WARN_UNGUARDED_AVAILABILITY = YES_AGGRESSIVE;
				CLANG_WARN_UNREACHABLE_CODE = YES;
				CLANG_WARN__DUPLICATE_METHOD_MATCH = YES;
				CODE_SIGN_IDENTITY = "iPhone Developer";
				COPY_PHASE_STRIP = NO;
				DEBUG_INFORMATION_FORMAT = "dwarf-with-dsym";
				ENABLE_NS_ASSERTIONS = NO;
				ENABLE_STRICT_OBJC_MSGSEND = YES;
				GCC_C_LANGUAGE_STANDARD = gnu11;
				GCC_NO_COMMON_BLOCKS = YES;
				GCC_WARN_64_TO_32_BIT_CONVERSION = YES;
				GCC_WARN_ABOUT_RETURN_TYPE = YES_ERROR;
				GCC_WARN_UNDECLARED_SELECTOR = YES;
				GCC_WARN_UNINITIALIZED_AUTOS = YES_AGGRESSIVE;
				GCC_WARN_UNUSED_FUNCTION = YES;
				GCC_WARN_UNUSED_VARIABLE = YES;
				IPHONEOS_DEPLOYMENT_TARGET = 11.4;
				MTL_ENABLE_DEBUG_INFO = NO;
				SDKROOT = iphoneos;
				SWIFT_COMPILATION_MODE = wholemodule;
				SWIFT_OPTIMIZATION_LEVEL = "-O";
				VALIDATE_PRODUCT = YES;
			};
			name = Release;
		};
		D3724C8821066E88000E9367 /* Debug */ = {
			isa = XCBuildConfiguration;
			baseConfigurationReference = 65C3F38D776306826626C88E /* Pods-CollegeRevenue.debug.xcconfig */;
			buildSettings = {
				ASSETCATALOG_COMPILER_APPICON_NAME = AppIcon;
				CODE_SIGN_STYLE = Automatic;
				INFOPLIST_FILE = CollegeRevenue/Info.plist;
				LD_RUNPATH_SEARCH_PATHS = (
					"$(inherited)",
					"@executable_path/Frameworks",
				);
				PRODUCT_BUNDLE_IDENTIFIER = com.yashbengali.CollegeRevenue;
				PRODUCT_NAME = "$(TARGET_NAME)";
				SWIFT_VERSION = 4.0;
				TARGETED_DEVICE_FAMILY = "1,2";
			};
			name = Debug;
		};
		D3724C8921066E88000E9367 /* Release */ = {
			isa = XCBuildConfiguration;
			baseConfigurationReference = 6D285987DADAB2085C67116E /* Pods-CollegeRevenue.release.xcconfig */;
			buildSettings = {
				ASSETCATALOG_COMPILER_APPICON_NAME = AppIcon;
				CODE_SIGN_STYLE = Automatic;
				INFOPLIST_FILE = CollegeRevenue/Info.plist;
				LD_RUNPATH_SEARCH_PATHS = (
					"$(inherited)",
					"@executable_path/Frameworks",
				);
				PRODUCT_BUNDLE_IDENTIFIER = com.yashbengali.CollegeRevenue;
				PRODUCT_NAME = "$(TARGET_NAME)";
				SWIFT_VERSION = 4.0;
				TARGETED_DEVICE_FAMILY = "1,2";
			};
			name = Release;
		};
/* End XCBuildConfiguration section */

/* Begin XCConfigurationList section */
		D3724C6D21066E86000E9367 /* Build configuration list for PBXProject "CollegeRevenue" */ = {
			isa = XCConfigurationList;
			buildConfigurations = (
				D3724C8521066E88000E9367 /* Debug */,
				D3724C8621066E88000E9367 /* Release */,
			);
			defaultConfigurationIsVisible = 0;
			defaultConfigurationName = Release;
		};
		D3724C8721066E88000E9367 /* Build configuration list for PBXNativeTarget "CollegeRevenue" */ = {
			isa = XCConfigurationList;
			buildConfigurations = (
				D3724C8821066E88000E9367 /* Debug */,
				D3724C8921066E88000E9367 /* Release */,
			);
			defaultConfigurationIsVisible = 0;
			defaultConfigurationName = Release;
		};
/* End XCConfigurationList section */

/* Begin XCVersionGroup section */
		D3724C7C21066E86000E9367 /* CollegeRevenue.xcdatamodeld */ = {
			isa = XCVersionGroup;
			children = (
				D3724C7D21066E86000E9367 /* CollegeRevenue.xcdatamodel */,
			);
			currentVersion = D3724C7D21066E86000E9367 /* CollegeRevenue.xcdatamodel */;
			path = CollegeRevenue.xcdatamodeld;
			sourceTree = "<group>";
			versionGroupType = wrapper.xcdatamodel;
		};
/* End XCVersionGroup section */
	};
	rootObject = D3724C6A21066E86000E9367 /* Project object */;
}
